
Microsoft Visual Studio Solution File, Format Version 12.00
# Visual Studio Version 17
VisualStudioVersion = 17.9.34622.214
MinimumVisualStudioVersion = 10.0.40219.1
Project("{FAE04EC0-301F-11D3-BF4B-00C04F79EFBC}") = "LearningApp_azure", "LearningApp_azure\LearningApp_azure.csproj", "{DD7D9DC2-A90D-4825-8237-07E12790FD39}"
EndProject
Global
	GlobalSection(SolutionConfigurationPlatforms) = preSolution
		Debug|Any CPU = Debug|Any CPU
		Release|Any CPU = Release|Any CPU
	EndGlobalSection
	GlobalSection(ProjectConfigurationPlatforms) = postSolution
		{DD7D9DC2-A90D-4825-8237-07E12790FD39}.Debug|Any CPU.ActiveCfg = Debug|Any CPU
		{DD7D9DC2-A90D-4825-8237-07E12790FD39}.Debug|Any CPU.Build.0 = Debug|Any CPU
		{DD7D9DC2-A90D-4825-8237-07E12790FD39}.Release|Any CPU.ActiveCfg = Release|Any CPU
		{DD7D9DC2-A90D-4825-8237-07E12790FD39}.Release|Any CPU.Build.0 = Release|Any CPU
	EndGlobalSection
	GlobalSection(SolutionProperties) = preSolution
		HideSolutionNode = FALSE
	EndGlobalSection
	GlobalSection(ExtensibilityGlobals) = postSolution
		SolutionGuid = {B282765E-5E12-4412-A6ED-5BE681B2094D}
	EndGlobalSection
EndGlobal
